{
  "name": "campus-eats",
  "version": "1.0.0",
  "lockfileVersion": 3,
  "requires": true,
  "packages": {
    "": {
      "name": "campus-eats",
      "version": "1.0.0",
      "license": "ISC",
      "dependencies": {
        "cors": "^2.8.6",
        "react-loading-indicators": "^1.0.1",
        "typed.js": "^3.0.0"
      }
    },
    "node_modules/cors": {
      "version": "2.8.6",
      "resolved": "https://registry.npmjs.org/cors/-/cors-2.8.6.tgz",
      "integrity": "sha512-tJtZBBHA6vjIAaF6EnIaq6laBBP9aq/Y3ouVJjEfoHbRBcHBAHYcMh/w8LDrk2PvIMMq8gmopa5D4V8RmbrxGw==",
      "license": "MIT",
      "dependencies": {
        "object-assign": "^4",
        "vary": "^1"
      },
      "engines": {
        "node": ">= 0.10"
      },
      "funding": {
        "type": "opencollective",
        "url": "https://opencollective.com/express"
      }
    },
    "node_modules/object-assign": {
      "version": "4.1.1",
      "resolved": "https://registry.npmjs.org/object-assign/-/object-assign-4.1.1.tgz",
      "integrity": "sha512-rJgTQnkUnH1sFw8yT6VSU3zD3sWmu6sZhIseY8VX+GRu3P6F7Fu+JNDoXfklElbLJSnc3FUQHVe4cU5hj+BcUg==",
      "license": "MIT",
      "engines": {
        "node": ">=0.10.0"
      }
    },
    "node_modules/react-loading-indicators": {
      "version": "1.0.1",
      "resolved": "https://registry.npmjs.org/react-loading-indicators/-/react-loading-indicators-1.0.1.tgz",
      "integrity": "sha512-tmGHdzw4arI83y8VYirck1n7suvdh1LAkeLk2v2pYMAWhPesQWcexqWKh9x6jDz/XAaIX/wFKS9MdDV8sSdoVw==",
      "license": "MIT",
      "engines": {
        "node": ">=12.0.0"
      },
      "peerDependencies": {
        "react": ">=16.8.0",
        "react-dom": ">=16.8.0"
      }
    },
    "node_modules/typed.js": {
      "version": "3.0.0",
      "resolved": "https://registry.npmjs.org/typed.js/-/typed.js-3.0.0.tgz",
      "integrity": "sha512-X4pjf0E7riZBo6j3NS21/7cJJ20osSOtD1OxlRoKfFU3GsdPuSpWlFcIKWf0k8uoKwBBrPuHGx+fKeU6GzRcKg==",
      "license": "GPL-3.0"
    },
    "node_modules/vary": {
      "version": "1.1.2",
      "resolved": "https://registry.npmjs.org/vary/-/vary-1.1.2.tgz",
      "integrity": "sha512-BNGbWLfd0eUPabhkXUVm0j8uuvREyTh5ovRa/dyow/BqAbZJyC+5fU+IzQOzmAKzYqYRAISoRhdQr3eIZ/PXqg==",
      "license": "MIT",
      "engines": {
        "node": ">= 0.8"
      }
    }
  }
}
